
Microsoft Visual Studio Solution File, Format Version 12.00
# Visual Studio 14
VisualStudioVersion = 14.0.25123.0
MinimumVisualStudioVersion = 10.0.40219.1
Project("{2150E333-8FDC-42A3-9474-1A3956D46DE8}") = "Common", "Common", "{5C016BDC-87C0-41EA-9047-4B040BF93C80}"
EndProject
Project("{2150E333-8FDC-42A3-9474-1A3956D46DE8}") = "3rdParty", "3rdParty", "{C6DA5E6E-4A99-42B4-9938-D670B231DCB7}"
EndProject
Project("{2150E333-8FDC-42A3-9474-1A3956D46DE8}") = "Untility", "Untility", "{6A727D3F-6BCB-42BA-A4A0-75E3DD3055A2}"
EndProject
Project("{FAE04EC0-301F-11D3-BF4B-00C04F79EFBC}") = "JinHong", "JinHong\JinHong.csproj", "{89BAD48A-5054-4B38-A688-D59C0F5A9574}"
	ProjectSection(ProjectDependencies) = postProject
		{A7915102-8326-4862-96F0-4EB80ED087B4} = {A7915102-8326-4862-96F0-4EB80ED087B4}
		{8960CC15-FA8E-4194-A247-BF660F8E170F} = {8960CC15-FA8E-4194-A247-BF660F8E170F}
		{4633671D-2CDD-441D-A146-4D935B528CCC} = {4633671D-2CDD-441D-A146-4D935B528CCC}
		{56ED6C2D-5E89-44B9-95A0-39AB07B7C25F} = {56ED6C2D-5E89-44B9-95A0-39AB07B7C25F}
		{A9B4242F-A752-4496-B9CF-5288692BDF7E} = {A9B4242F-A752-4496-B9CF-5288692BDF7E}
		{6D57C331-F1E0-4796-86B8-1653D1D79E65} = {6D57C331-F1E0-4796-86B8-1653D1D79E65}
		{F2BFE94B-E372-47C4-847D-9F8AD0265FE5} = {F2BFE94B-E372-47C4-847D-9F8AD0265FE5}
		{4F816355-2929-4CBF-A071-832FFE620CE2} = {4F816355-2929-4CBF-A071-832FFE620CE2}
		{F451D35F-5757-4F32-AD34-77F044CD8733} = {F451D35F-5757-4F32-AD34-77F044CD8733}
		{2D90E484-973E-42C8-B3D7-B139C5E82EBC} = {2D90E484-973E-42C8-B3D7-B139C5E82EBC}
		{D513D8AE-1F46-4D37-B847-1CE9B3F8C096} = {D513D8AE-1F46-4D37-B847-1CE9B3F8C096}
		{3B2488B2-BF23-428C-AE3E-3EE395F908ED} = {3B2488B2-BF23-428C-AE3E-3EE395F908ED}
		{20E52ED9-CF1A-491A-9E70-9AAF08E56EB3} = {20E52ED9-CF1A-491A-9E70-9AAF08E56EB3}
		{1ADA76DA-AD8F-4A70-8F68-BAC6DB3FFCFD} = {1ADA76DA-AD8F-4A70-8F68-BAC6DB3FFCFD}
		{8578A0E6-E678-4DAE-8054-8E3D6F28B016} = {8578A0E6-E678-4DAE-8054-8E3D6F28B016}
	EndProjectSection
EndProject
Project("{FAE04EC0-301F-11D3-BF4B-00C04F79EFBC}") = "UniGuy.Core", "..\..\Common\Source\UniGuy.Core\UniGuy.Core.csproj", "{1ADA76DA-AD8F-4A70-8F68-BAC6DB3FFCFD}"
EndProject
Project("{FAE04EC0-301F-11D3-BF4B-00C04F79EFBC}") = "UniGuy.Net", "..\..\Common\Source\UniGuy.Net\UniGuy.Net.csproj", "{4F816355-2929-4CBF-A071-832FFE620CE2}"
EndProject
Project("{FAE04EC0-301F-11D3-BF4B-00C04F79EFBC}") = "UniGuy.PresentationCore", "..\..\Common\Source\UniGuy.PresentationCore\UniGuy.PresentationCore.csproj", "{3B2488B2-BF23-428C-AE3E-3EE395F908ED}"
EndProject
Project("{FAE04EC0-301F-11D3-BF4B-00C04F79EFBC}") = "UniGuy.PresentationFramework", "..\..\Common\Source\UniGuy.PresentationFramework\UniGuy.PresentationFramework.csproj", "{8960CC15-FA8E-4194-A247-BF660F8E170F}"
EndProject
Project("{FAE04EC0-301F-11D3-BF4B-00C04F79EFBC}") = "JinHong.WebService", "JinHong.WebService\JinHong.WebService.csproj", "{6D57C331-F1E0-4796-86B8-1653D1D79E65}"
EndProject
Project("{FAE04EC0-301F-11D3-BF4B-00C04F79EFBC}") = "UniGuy.EntityFramework", "..\..\Common\Source\UniGuy.EntityFramework\UniGuy.EntityFramework.csproj", "{2D90E484-973E-42C8-B3D7-B139C5E82EBC}"
EndProject
Project("{FAE04EC0-301F-11D3-BF4B-00C04F79EFBC}") = "WPFExtensions", "..\..\3rdParty\WPFExtensions\WPFExtensions.csproj", "{A7915102-8326-4862-96F0-4EB80ED087B4}"
EndProject
Project("{FAE04EC0-301F-11D3-BF4B-00C04F79EFBC}") = "UniGuy.Report", "..\..\Utility\UniGuy.Report\UniGuy.Report.csproj", "{A9B4242F-A752-4496-B9CF-5288692BDF7E}"
EndProject
Project("{FAE04EC0-301F-11D3-BF4B-00C04F79EFBC}") = "UniGuy.Printing", "..\..\Common\Source\UniGuy.Printing\UniGuy.Printing.csproj", "{8578A0E6-E678-4DAE-8054-8E3D6F28B016}"
EndProject
Project("{FAE04EC0-301F-11D3-BF4B-00C04F79EFBC}") = "JinHong.Core", "JinHong.Core\JinHong.Core.csproj", "{D513D8AE-1F46-4D37-B847-1CE9B3F8C096}"
EndProject
Project("{2150E333-8FDC-42A3-9474-1A3956D46DE8}") = "Server", "Server", "{EF5BDE99-EFD6-40B7-B9FD-D4B00B9C36E6}"
EndProject
Project("{FAE04EC0-301F-11D3-BF4B-00C04F79EFBC}") = "JinHong.Domain", "JinHong.Domain\JinHong.Domain.csproj", "{F2BFE94B-E372-47C4-847D-9F8AD0265FE5}"
EndProject
Project("{FAE04EC0-301F-11D3-BF4B-00C04F79EFBC}") = "JinHong.Repository", "JinHong.Repository\JinHong.Repository.csproj", "{20E52ED9-CF1A-491A-9E70-9AAF08E56EB3}"
EndProject
Project("{FAE04EC0-301F-11D3-BF4B-00C04F79EFBC}") = "JinHong.Services", "JinHong.Services\JinHong.Services.csproj", "{56ED6C2D-5E89-44B9-95A0-39AB07B7C25F}"
EndProject
Project("{FAE04EC0-301F-11D3-BF4B-00C04F79EFBC}") = "JinHong.Infrastructure", "JinHong.Infrastructure\JinHong.Infrastructure.csproj", "{F451D35F-5757-4F32-AD34-77F044CD8733}"
EndProject
Project("{2150E333-8FDC-42A3-9474-1A3956D46DE8}") = ".nuget", ".nuget", "{BA8D7508-7D0B-40D1-8988-9BDE880AD286}"
	ProjectSection(SolutionItems) = preProject
		.nuget\NuGet.Config = .nuget\NuGet.Config
		.nuget\NuGet.exe = .nuget\NuGet.exe
		.nuget\NuGet.targets = .nuget\NuGet.targets
	EndProjectSection
EndProject
Project("{FAE04EC0-301F-11D3-BF4B-00C04F79EFBC}") = "JinHong.ServiceContract", "JinHong.Interfaces\JinHong.ServiceContract.csproj", "{4633671D-2CDD-441D-A146-4D935B528CCC}"
EndProject
Global
	GlobalSection(SolutionConfigurationPlatforms) = preSolution
		Debug|Any CPU = Debug|Any CPU
		Debug|Mixed Platforms = Debug|Mixed Platforms
		Debug|x64 = Debug|x64
		Debug|x86 = Debug|x86
		Release|Any CPU = Release|Any CPU
		Release|Mixed Platforms = Release|Mixed Platforms
		Release|x64 = Release|x64
		Release|x86 = Release|x86
	EndGlobalSection
	GlobalSection(ProjectConfigurationPlatforms) = postSolution
		{89BAD48A-5054-4B38-A688-D59C0F5A9574}.Debug|Any CPU.ActiveCfg = Debug|Any CPU
		{89BAD48A-5054-4B38-A688-D59C0F5A9574}.Debug|Mixed Platforms.ActiveCfg = Debug|Any CPU
		{89BAD48A-5054-4B38-A688-D59C0F5A9574}.Debug|Mixed Platforms.Build.0 = Debug|Any CPU
		{89BAD48A-5054-4B38-A688-D59C0F5A9574}.Debug|x64.ActiveCfg = Debug|x64
		{89BAD48A-5054-4B38-A688-D59C0F5A9574}.Debug|x64.Build.0 = Debug|x64
		{89BAD48A-5054-4B38-A688-D59C0F5A9574}.Debug|x86.ActiveCfg = Debug|x86
		{89BAD48A-5054-4B38-A688-D59C0F5A9574}.Debug|x86.Build.0 = Debug|x86
		{89BAD48A-5054-4B38-A688-D59C0F5A9574}.Release|Any CPU.ActiveCfg = Release|x86
		{89BAD48A-5054-4B38-A688-D59C0F5A9574}.Release|Mixed Platforms.ActiveCfg = Release|x86
		{89BAD48A-5054-4B38-A688-D59C0F5A9574}.Release|Mixed Platforms.Build.0 = Release|x86
		{89BAD48A-5054-4B38-A688-D59C0F5A9574}.Release|x64.ActiveCfg = Release|x64
		{89BAD48A-5054-4B38-A688-D59C0F5A9574}.Release|x64.Build.0 = Release|x64
		{89BAD48A-5054-4B38-A688-D59C0F5A9574}.Release|x86.ActiveCfg = Release|x86
		{89BAD48A-5054-4B38-A688-D59C0F5A9574}.Release|x86.Build.0 = Release|x86
		{1ADA76DA-AD8F-4A70-8F68-BAC6DB3FFCFD}.Debug|Any CPU.ActiveCfg = Debug|Any CPU
		{1ADA76DA-AD8F-4A70-8F68-BAC6DB3FFCFD}.Debug|Any CPU.Build.0 = Debug|Any CPU
		{1ADA76DA-AD8F-4A70-8F68-BAC6DB3FFCFD}.Debug|Mixed Platforms.ActiveCfg = Debug|Any CPU
		{1ADA76DA-AD8F-4A70-8F68-BAC6DB3FFCFD}.Debug|Mixed Platforms.Build.0 = Debug|Any CPU
		{1ADA76DA-AD8F-4A70-8F68-BAC6DB3FFCFD}.Debug|x64.ActiveCfg = Debug|Any CPU
		{1ADA76DA-AD8F-4A70-8F68-BAC6DB3FFCFD}.Debug|x86.ActiveCfg = Debug|Any CPU
		{1ADA76DA-AD8F-4A70-8F68-BAC6DB3FFCFD}.Release|Any CPU.ActiveCfg = Release|Any CPU
		{1ADA76DA-AD8F-4A70-8F68-BAC6DB3FFCFD}.Release|Any CPU.Build.0 = Release|Any CPU
		{1ADA76DA-AD8F-4A70-8F68-BAC6DB3FFCFD}.Release|Mixed Platforms.ActiveCfg = Release|Any CPU
		{1ADA76DA-AD8F-4A70-8F68-BAC6DB3FFCFD}.Release|Mixed Platforms.Build.0 = Release|Any CPU
		{1ADA76DA-AD8F-4A70-8F68-BAC6DB3FFCFD}.Release|x64.ActiveCfg = Release|Any CPU
		{1ADA76DA-AD8F-4A70-8F68-BAC6DB3FFCFD}.Release|x86.ActiveCfg = Release|Any CPU
		{4F816355-2929-4CBF-A071-832FFE620CE2}.Debug|Any CPU.ActiveCfg = Debug|Any CPU
		{4F816355-2929-4CBF-A071-832FFE620CE2}.Debug|Any CPU.Build.0 = Debug|Any CPU
		{4F816355-2929-4CBF-A071-832FFE620CE2}.Debug|Mixed Platforms.ActiveCfg = Debug|Any CPU
		{4F816355-2929-4CBF-A071-832FFE620CE2}.Debug|Mixed Platforms.Build.0 = Debug|Any CPU
		{4F816355-2929-4CBF-A071-832FFE620CE2}.Debug|x64.ActiveCfg = Debug|Any CPU
		{4F816355-2929-4CBF-A071-832FFE620CE2}.Debug|x86.ActiveCfg = Debug|Any CPU
		{4F816355-2929-4CBF-A071-832FFE620CE2}.Release|Any CPU.ActiveCfg = Release|Any CPU
		{4F816355-2929-4CBF-A071-832FFE620CE2}.Release|Any CPU.Build.0 = Release|Any CPU
		{4F816355-2929-4CBF-A071-832FFE620CE2}.Release|Mixed Platforms.ActiveCfg = Release|Any CPU
		{4F816355-2929-4CBF-A071-832FFE620CE2}.Release|Mixed Platforms.Build.0 = Release|Any CPU
		{4F816355-2929-4CBF-A071-832FFE620CE2}.Release|x64.ActiveCfg = Release|Any CPU
		{4F816355-2929-4CBF-A071-832FFE620CE2}.Release|x86.ActiveCfg = Release|Any CPU
		{3B2488B2-BF23-428C-AE3E-3EE395F908ED}.Debug|Any CPU.ActiveCfg = Debug|Any CPU
		{3B2488B2-BF23-428C-AE3E-3EE395F908ED}.Debug|Any CPU.Build.0 = Debug|Any CPU
		{3B2488B2-BF23-428C-AE3E-3EE395F908ED}.Debug|Mixed Platforms.ActiveCfg = Debug|Any CPU
		{3B2488B2-BF23-428C-AE3E-3EE395F908ED}.Debug|Mixed Platforms.Build.0 = Debug|Any CPU
		{3B2488B2-BF23-428C-AE3E-3EE395F908ED}.Debug|x64.ActiveCfg = Debug|Any CPU
		{3B2488B2-BF23-428C-AE3E-3EE395F908ED}.Debug|x86.ActiveCfg = Debug|Any CPU
		{3B2488B2-BF23-428C-AE3E-3EE395F908ED}.Release|Any CPU.ActiveCfg = Release|Any CPU
		{3B2488B2-BF23-428C-AE3E-3EE395F908ED}.Release|Any CPU.Build.0 = Release|Any CPU
		{3B2488B2-BF23-428C-AE3E-3EE395F908ED}.Release|Mixed Platforms.ActiveCfg = Release|Any CPU
		{3B2488B2-BF23-428C-AE3E-3EE395F908ED}.Release|Mixed Platforms.Build.0 = Release|Any CPU
		{3B2488B2-BF23-428C-AE3E-3EE395F908ED}.Release|x64.ActiveCfg = Release|Any CPU
		{3B2488B2-BF23-428C-AE3E-3EE395F908ED}.Release|x86.ActiveCfg = Release|Any CPU
		{8960CC15-FA8E-4194-A247-BF660F8E170F}.Debug|Any CPU.ActiveCfg = Debug|Any CPU
		{8960CC15-FA8E-4194-A247-BF660F8E170F}.Debug|Any CPU.Build.0 = Debug|Any CPU
		{8960CC15-FA8E-4194-A247-BF660F8E170F}.Debug|Mixed Platforms.ActiveCfg = Debug|Any CPU
		{8960CC15-FA8E-4194-A247-BF660F8E170F}.Debug|Mixed Platforms.Build.0 = Debug|Any CPU
		{8960CC15-FA8E-4194-A247-BF660F8E170F}.Debug|x64.ActiveCfg = Debug|Any CPU
		{8960CC15-FA8E-4194-A247-BF660F8E170F}.Debug|x86.ActiveCfg = Debug|Any CPU
		{8960CC15-FA8E-4194-A247-BF660F8E170F}.Release|Any CPU.ActiveCfg = Release|Any CPU
		{8960CC15-FA8E-4194-A247-BF660F8E170F}.Release|Any CPU.Build.0 = Release|Any CPU
		{8960CC15-FA8E-4194-A247-BF660F8E170F}.Release|Mixed Platforms.ActiveCfg = Release|Any CPU
		{8960CC15-FA8E-4194-A247-BF660F8E170F}.Release|Mixed Platforms.Build.0 = Release|Any CPU
		{8960CC15-FA8E-4194-A247-BF660F8E170F}.Release|x64.ActiveCfg = Release|Any CPU
		{8960CC15-FA8E-4194-A247-BF660F8E170F}.Release|x86.ActiveCfg = Release|Any CPU
		{6D57C331-F1E0-4796-86B8-1653D1D79E65}.Debug|Any CPU.ActiveCfg = Debug|Any CPU
		{6D57C331-F1E0-4796-86B8-1653D1D79E65}.Debug|Any CPU.Build.0 = Debug|Any CPU
		{6D57C331-F1E0-4796-86B8-1653D1D79E65}.Debug|Mixed Platforms.ActiveCfg = Debug|Any CPU
		{6D57C331-F1E0-4796-86B8-1653D1D79E65}.Debug|Mixed Platforms.Build.0 = Debug|Any CPU
		{6D57C331-F1E0-4796-86B8-1653D1D79E65}.Debug|x64.ActiveCfg = Debug|Any CPU
		{6D57C331-F1E0-4796-86B8-1653D1D79E65}.Debug|x86.ActiveCfg = Debug|Any CPU
		{6D57C331-F1E0-4796-86B8-1653D1D79E65}.Release|Any CPU.ActiveCfg = Release|Any CPU
		{6D57C331-F1E0-4796-86B8-1653D1D79E65}.Release|Any CPU.Build.0 = Release|Any CPU
		{6D57C331-F1E0-4796-86B8-1653D1D79E65}.Release|Mixed Platforms.ActiveCfg = Release|Any CPU
		{6D57C331-F1E0-4796-86B8-1653D1D79E65}.Release|Mixed Platforms.Build.0 = Release|Any CPU
		{6D57C331-F1E0-4796-86B8-1653D1D79E65}.Release|x64.ActiveCfg = Release|Any CPU
		{6D57C331-F1E0-4796-86B8-1653D1D79E65}.Release|x86.ActiveCfg = Release|Any CPU
		{2D90E484-973E-42C8-B3D7-B139C5E82EBC}.Debug|Any CPU.ActiveCfg = Debug|Any CPU
		{2D90E484-973E-42C8-B3D7-B139C5E82EBC}.Debug|Any CPU.Build.0 = Debug|Any CPU
		{2D90E484-973E-42C8-B3D7-B139C5E82EBC}.Debug|Mixed Platforms.ActiveCfg = Debug|Any CPU
		{2D90E484-973E-42C8-B3D7-B139C5E82EBC}.Debug|Mixed Platforms.Build.0 = Debug|Any CPU
		{2D90E484-973E-42C8-B3D7-B139C5E82EBC}.Debug|x64.ActiveCfg = Debug|Any CPU
		{2D90E484-973E-42C8-B3D7-B139C5E82EBC}.Debug|x86.ActiveCfg = Debug|x86
		{2D90E484-973E-42C8-B3D7-B139C5E82EBC}.Debug|x86.Build.0 = Debug|x86
		{2D90E484-973E-42C8-B3D7-B139C5E82EBC}.Release|Any CPU.ActiveCfg = Release|Any CPU
		{2D90E484-973E-42C8-B3D7-B139C5E82EBC}.Release|Any CPU.Build.0 = Release|Any CPU
		{2D90E484-973E-42C8-B3D7-B139C5E82EBC}.Release|Mixed Platforms.ActiveCfg = Release|x86
		{2D90E484-973E-42C8-B3D7-B139C5E82EBC}.Release|Mixed Platforms.Build.0 = Release|x86
		{2D90E484-973E-42C8-B3D7-B139C5E82EBC}.Release|x64.ActiveCfg = Release|Any CPU
		{2D90E484-973E-42C8-B3D7-B139C5E82EBC}.Release|x86.ActiveCfg = Release|x86
		{2D90E484-973E-42C8-B3D7-B139C5E82EBC}.Release|x86.Build.0 = Release|x86
		{A7915102-8326-4862-96F0-4EB80ED087B4}.Debug|Any CPU.ActiveCfg = Debug|Any CPU
		{A7915102-8326-4862-96F0-4EB80ED087B4}.Debug|Any CPU.Build.0 = Debug|Any CPU
		{A7915102-8326-4862-96F0-4EB80ED087B4}.Debug|Mixed Platforms.ActiveCfg = Debug|Any CPU
		{A7915102-8326-4862-96F0-4EB80ED087B4}.Debug|Mixed Platforms.Build.0 = Debug|Any CPU
		{A7915102-8326-4862-96F0-4EB80ED087B4}.Debug|x64.ActiveCfg = Debug|Any CPU
		{A7915102-8326-4862-96F0-4EB80ED087B4}.Debug|x86.ActiveCfg = Debug|Any CPU
		{A7915102-8326-4862-96F0-4EB80ED087B4}.Release|Any CPU.ActiveCfg = Release|Any CPU
		{A7915102-8326-4862-96F0-4EB80ED087B4}.Release|Any CPU.Build.0 = Release|Any CPU
		{A7915102-8326-4862-96F0-4EB80ED087B4}.Release|Mixed Platforms.ActiveCfg = Release|Any CPU
		{A7915102-8326-4862-96F0-4EB80ED087B4}.Release|Mixed Platforms.Build.0 = Release|Any CPU
		{A7915102-8326-4862-96F0-4EB80ED087B4}.Release|x64.ActiveCfg = Release|Any CPU
		{A7915102-8326-4862-96F0-4EB80ED087B4}.Release|x86.ActiveCfg = Release|Any CPU
		{A9B4242F-A752-4496-B9CF-5288692BDF7E}.Debug|Any CPU.ActiveCfg = Debug|Any CPU
		{A9B4242F-A752-4496-B9CF-5288692BDF7E}.Debug|Any CPU.Build.0 = Debug|Any CPU
		{A9B4242F-A752-4496-B9CF-5288692BDF7E}.Debug|Mixed Platforms.ActiveCfg = Debug|Any CPU
		{A9B4242F-A752-4496-B9CF-5288692BDF7E}.Debug|Mixed Platforms.Build.0 = Debug|Any CPU
		{A9B4242F-A752-4496-B9CF-5288692BDF7E}.Debug|x64.ActiveCfg = Debug|Any CPU
		{A9B4242F-A752-4496-B9CF-5288692BDF7E}.Debug|x86.ActiveCfg = Debug|Any CPU
		{A9B4242F-A752-4496-B9CF-5288692BDF7E}.Release|Any CPU.ActiveCfg = Release|Any CPU
		{A9B4242F-A752-4496-B9CF-5288692BDF7E}.Release|Any CPU.Build.0 = Release|Any CPU
		{A9B4242F-A752-4496-B9CF-5288692BDF7E}.Release|Mixed Platforms.ActiveCfg = Release|Any CPU
		{A9B4242F-A752-4496-B9CF-5288692BDF7E}.Release|Mixed Platforms.Build.0 = Release|Any CPU
		{A9B4242F-A752-4496-B9CF-5288692BDF7E}.Release|x64.ActiveCfg = Release|Any CPU
		{A9B4242F-A752-4496-B9CF-5288692BDF7E}.Release|x86.ActiveCfg = Release|Any CPU
		{8578A0E6-E678-4DAE-8054-8E3D6F28B016}.Debug|Any CPU.ActiveCfg = Debug|Any CPU
		{8578A0E6-E678-4DAE-8054-8E3D6F28B016}.Debug|Any CPU.Build.0 = Debug|Any CPU
		{8578A0E6-E678-4DAE-8054-8E3D6F28B016}.Debug|Mixed Platforms.ActiveCfg = Debug|Any CPU
		{8578A0E6-E678-4DAE-8054-8E3D6F28B016}.Debug|Mixed Platforms.Build.0 = Debug|Any CPU
		{8578A0E6-E678-4DAE-8054-8E3D6F28B016}.Debug|x64.ActiveCfg = Debug|Any CPU
		{8578A0E6-E678-4DAE-8054-8E3D6F28B016}.Debug|x86.ActiveCfg = Debug|Any CPU
		{8578A0E6-E678-4DAE-8054-8E3D6F28B016}.Release|Any CPU.ActiveCfg = Release|Any CPU
		{8578A0E6-E678-4DAE-8054-8E3D6F28B016}.Release|Any CPU.Build.0 = Release|Any CPU
		{8578A0E6-E678-4DAE-8054-8E3D6F28B016}.Release|Mixed Platforms.ActiveCfg = Release|Any CPU
		{8578A0E6-E678-4DAE-8054-8E3D6F28B016}.Release|Mixed Platforms.Build.0 = Release|Any CPU
		{8578A0E6-E678-4DAE-8054-8E3D6F28B016}.Release|x64.ActiveCfg = Release|Any CPU
		{8578A0E6-E678-4DAE-8054-8E3D6F28B016}.Release|x86.ActiveCfg = Release|Any CPU
		{D513D8AE-1F46-4D37-B847-1CE9B3F8C096}.Debug|Any CPU.ActiveCfg = Debug|Any CPU
		{D513D8AE-1F46-4D37-B847-1CE9B3F8C096}.Debug|Any CPU.Build.0 = Debug|Any CPU
		{D513D8AE-1F46-4D37-B847-1CE9B3F8C096}.Debug|Mixed Platforms.ActiveCfg = Debug|Any CPU
		{D513D8AE-1F46-4D37-B847-1CE9B3F8C096}.Debug|Mixed Platforms.Build.0 = Debug|Any CPU
		{D513D8AE-1F46-4D37-B847-1CE9B3F8C096}.Debug|x64.ActiveCfg = Debug|Any CPU
		{D513D8AE-1F46-4D37-B847-1CE9B3F8C096}.Debug|x86.ActiveCfg = Debug|Any CPU
		{D513D8AE-1F46-4D37-B847-1CE9B3F8C096}.Release|Any CPU.ActiveCfg = Release|Any CPU
		{D513D8AE-1F46-4D37-B847-1CE9B3F8C096}.Release|Any CPU.Build.0 = Release|Any CPU
		{D513D8AE-1F46-4D37-B847-1CE9B3F8C096}.Release|Mixed Platforms.ActiveCfg = Release|Any CPU
		{D513D8AE-1F46-4D37-B847-1CE9B3F8C096}.Release|Mixed Platforms.Build.0 = Release|Any CPU
		{D513D8AE-1F46-4D37-B847-1CE9B3F8C096}.Release|x64.ActiveCfg = Release|Any CPU
		{D513D8AE-1F46-4D37-B847-1CE9B3F8C096}.Release|x86.ActiveCfg = Release|Any CPU
		{F2BFE94B-E372-47C4-847D-9F8AD0265FE5}.Debug|Any CPU.ActiveCfg = Debug|Any CPU
		{F2BFE94B-E372-47C4-847D-9F8AD0265FE5}.Debug|Any CPU.Build.0 = Debug|Any CPU
		{F2BFE94B-E372-47C4-847D-9F8AD0265FE5}.Debug|Mixed Platforms.ActiveCfg = Debug|Any CPU
		{F2BFE94B-E372-47C4-847D-9F8AD0265FE5}.Debug|Mixed Platforms.Build.0 = Debug|Any CPU
		{F2BFE94B-E372-47C4-847D-9F8AD0265FE5}.Debug|x64.ActiveCfg = Debug|Any CPU
		{F2BFE94B-E372-47C4-847D-9F8AD0265FE5}.Debug|x86.ActiveCfg = Debug|Any CPU
		{F2BFE94B-E372-47C4-847D-9F8AD0265FE5}.Release|Any CPU.ActiveCfg = Release|Any CPU
		{F2BFE94B-E372-47C4-847D-9F8AD0265FE5}.Release|Any CPU.Build.0 = Release|Any CPU
		{F2BFE94B-E372-47C4-847D-9F8AD0265FE5}.Release|Mixed Platforms.ActiveCfg = Release|Any CPU
		{F2BFE94B-E372-47C4-847D-9F8AD0265FE5}.Release|Mixed Platforms.Build.0 = Release|Any CPU
		{F2BFE94B-E372-47C4-847D-9F8AD0265FE5}.Release|x64.ActiveCfg = Release|Any CPU
		{F2BFE94B-E372-47C4-847D-9F8AD0265FE5}.Release|x86.ActiveCfg = Release|Any CPU
		{20E52ED9-CF1A-491A-9E70-9AAF08E56EB3}.Debug|Any CPU.ActiveCfg = Debug|Any CPU
		{20E52ED9-CF1A-491A-9E70-9AAF08E56EB3}.Debug|Any CPU.Build.0 = Debug|Any CPU
		{20E52ED9-CF1A-491A-9E70-9AAF08E56EB3}.Debug|Mixed Platforms.ActiveCfg = Debug|Any CPU
		{20E52ED9-CF1A-491A-9E70-9AAF08E56EB3}.Debug|Mixed Platforms.Build.0 = Debug|Any CPU
		{20E52ED9-CF1A-491A-9E70-9AAF08E56EB3}.Debug|x64.ActiveCfg = Debug|Any CPU
		{20E52ED9-CF1A-491A-9E70-9AAF08E56EB3}.Debug|x86.ActiveCfg = Debug|Any CPU
		{20E52ED9-CF1A-491A-9E70-9AAF08E56EB3}.Release|Any CPU.ActiveCfg = Release|Any CPU
		{20E52ED9-CF1A-491A-9E70-9AAF08E56EB3}.Release|Any CPU.Build.0 = Release|Any CPU
		{20E52ED9-CF1A-491A-9E70-9AAF08E56EB3}.Release|Mixed Platforms.ActiveCfg = Release|Any CPU
		{20E52ED9-CF1A-491A-9E70-9AAF08E56EB3}.Release|Mixed Platforms.Build.0 = Release|Any CPU
		{20E52ED9-CF1A-491A-9E70-9AAF08E56EB3}.Release|x64.ActiveCfg = Release|Any CPU
		{20E52ED9-CF1A-491A-9E70-9AAF08E56EB3}.Release|x86.ActiveCfg = Release|Any CPU
		{56ED6C2D-5E89-44B9-95A0-39AB07B7C25F}.Debug|Any CPU.ActiveCfg = Debug|Any CPU
		{56ED6C2D-5E89-44B9-95A0-39AB07B7C25F}.Debug|Any CPU.Build.0 = Debug|Any CPU
		{56ED6C2D-5E89-44B9-95A0-39AB07B7C25F}.Debug|Mixed Platforms.ActiveCfg = Debug|Any CPU
		{56ED6C2D-5E89-44B9-95A0-39AB07B7C25F}.Debug|Mixed Platforms.Build.0 = Debug|Any CPU
		{56ED6C2D-5E89-44B9-95A0-39AB07B7C25F}.Debug|x64.ActiveCfg = Debug|Any CPU
		{56ED6C2D-5E89-44B9-95A0-39AB07B7C25F}.Debug|x86.ActiveCfg = Debug|Any CPU
		{56ED6C2D-5E89-44B9-95A0-39AB07B7C25F}.Release|Any CPU.ActiveCfg = Release|Any CPU
		{56ED6C2D-5E89-44B9-95A0-39AB07B7C25F}.Release|Any CPU.Build.0 = Release|Any CPU
		{56ED6C2D-5E89-44B9-95A0-39AB07B7C25F}.Release|Mixed Platforms.ActiveCfg = Release|Any CPU
		{56ED6C2D-5E89-44B9-95A0-39AB07B7C25F}.Release|Mixed Platforms.Build.0 = Release|Any CPU
		{56ED6C2D-5E89-44B9-95A0-39AB07B7C25F}.Release|x64.ActiveCfg = Release|Any CPU
		{56ED6C2D-5E89-44B9-95A0-39AB07B7C25F}.Release|x86.ActiveCfg = Release|Any CPU
		{F451D35F-5757-4F32-AD34-77F044CD8733}.Debug|Any CPU.ActiveCfg = Debug|Any CPU
		{F451D35F-5757-4F32-AD34-77F044CD8733}.Debug|Any CPU.Build.0 = Debug|Any CPU
		{F451D35F-5757-4F32-AD34-77F044CD8733}.Debug|Mixed Platforms.ActiveCfg = Debug|Any CPU
		{F451D35F-5757-4F32-AD34-77F044CD8733}.Debug|Mixed Platforms.Build.0 = Debug|Any CPU
		{F451D35F-5757-4F32-AD34-77F044CD8733}.Debug|x64.ActiveCfg = Debug|Any CPU
		{F451D35F-5757-4F32-AD34-77F044CD8733}.Debug|x86.ActiveCfg = Debug|Any CPU
		{F451D35F-5757-4F32-AD34-77F044CD8733}.Release|Any CPU.ActiveCfg = Release|Any CPU
		{F451D35F-5757-4F32-AD34-77F044CD8733}.Release|Any CPU.Build.0 = Release|Any CPU
		{F451D35F-5757-4F32-AD34-77F044CD8733}.Release|Mixed Platforms.ActiveCfg = Release|Any CPU
		{F451D35F-5757-4F32-AD34-77F044CD8733}.Release|Mixed Platforms.Build.0 = Release|Any CPU
		{F451D35F-5757-4F32-AD34-77F044CD8733}.Release|x64.ActiveCfg = Release|Any CPU
		{F451D35F-5757-4F32-AD34-77F044CD8733}.Release|x86.ActiveCfg = Release|Any CPU
		{4633671D-2CDD-441D-A146-4D935B528CCC}.Debug|Any CPU.ActiveCfg = Debug|Any CPU
		{4633671D-2CDD-441D-A146-4D935B528CCC}.Debug|Any CPU.Build.0 = Debug|Any CPU
		{4633671D-2CDD-441D-A146-4D935B528CCC}.Debug|Mixed Platforms.ActiveCfg = Debug|Any CPU
		{4633671D-2CDD-441D-A146-4D935B528CCC}.Debug|Mixed Platforms.Build.0 = Debug|Any CPU
		{4633671D-2CDD-441D-A146-4D935B528CCC}.Debug|x64.ActiveCfg = Debug|Any CPU
		{4633671D-2CDD-441D-A146-4D935B528CCC}.Debug|x86.ActiveCfg = Debug|Any CPU
		{4633671D-2CDD-441D-A146-4D935B528CCC}.Release|Any CPU.ActiveCfg = Release|Any CPU
		{4633671D-2CDD-441D-A146-4D935B528CCC}.Release|Any CPU.Build.0 = Release|Any CPU
		{4633671D-2CDD-441D-A146-4D935B528CCC}.Release|Mixed Platforms.ActiveCfg = Release|Any CPU
		{4633671D-2CDD-441D-A146-4D935B528CCC}.Release|Mixed Platforms.Build.0 = Release|Any CPU
		{4633671D-2CDD-441D-A146-4D935B528CCC}.Release|x64.ActiveCfg = Release|Any CPU
		{4633671D-2CDD-441D-A146-4D935B528CCC}.Release|x86.ActiveCfg = Release|Any CPU
	EndGlobalSection
	GlobalSection(SolutionProperties) = preSolution
		HideSolutionNode = FALSE
	EndGlobalSection
	GlobalSection(NestedProjects) = preSolution
		{1ADA76DA-AD8F-4A70-8F68-BAC6DB3FFCFD} = {5C016BDC-87C0-41EA-9047-4B040BF93C80}
		{4F816355-2929-4CBF-A071-832FFE620CE2} = {5C016BDC-87C0-41EA-9047-4B040BF93C80}
		{3B2488B2-BF23-428C-AE3E-3EE395F908ED} = {5C016BDC-87C0-41EA-9047-4B040BF93C80}
		{8960CC15-FA8E-4194-A247-BF660F8E170F} = {5C016BDC-87C0-41EA-9047-4B040BF93C80}
		{2D90E484-973E-42C8-B3D7-B139C5E82EBC} = {5C016BDC-87C0-41EA-9047-4B040BF93C80}
		{A7915102-8326-4862-96F0-4EB80ED087B4} = {C6DA5E6E-4A99-42B4-9938-D670B231DCB7}
		{A9B4242F-A752-4496-B9CF-5288692BDF7E} = {6A727D3F-6BCB-42BA-A4A0-75E3DD3055A2}
		{8578A0E6-E678-4DAE-8054-8E3D6F28B016} = {5C016BDC-87C0-41EA-9047-4B040BF93C80}
		{F2BFE94B-E372-47C4-847D-9F8AD0265FE5} = {EF5BDE99-EFD6-40B7-B9FD-D4B00B9C36E6}
		{20E52ED9-CF1A-491A-9E70-9AAF08E56EB3} = {EF5BDE99-EFD6-40B7-B9FD-D4B00B9C36E6}
		{56ED6C2D-5E89-44B9-95A0-39AB07B7C25F} = {EF5BDE99-EFD6-40B7-B9FD-D4B00B9C36E6}
		{F451D35F-5757-4F32-AD34-77F044CD8733} = {EF5BDE99-EFD6-40B7-B9FD-D4B00B9C36E6}
		{4633671D-2CDD-441D-A146-4D935B528CCC} = {EF5BDE99-EFD6-40B7-B9FD-D4B00B9C36E6}
	EndGlobalSection
	GlobalSection(ExtensibilityGlobals) = postSolution
		VisualSVNWorkingCopyRoot = ..\..\..\..
	EndGlobalSection
	GlobalSection(TestCaseManagementSettings) = postSolution
		CategoryFile = JinHong.vsmdi
	EndGlobalSection
EndGlobal
